
Microsoft Visual Studio Solution File, Format Version 12.00
# Visual Studio Version 17
VisualStudioVersion = 17.0.31825.309
MinimumVisualStudioVersion = 10.0.40219.1
Project("{2150E333-8FDC-42A3-9474-1A3956D46DE8}") = "FrontEnd", "FrontEnd", "{D8A33E6C-7C2F-40CB-B6CB-5C719F88FAEF}"
EndProject
Project("{9A19103F-16F7-4668-BE54-9A1E7A4F7556}") = "Mango.Web", "Mango.Web\Mango.Web.csproj", "{15850A35-D511-4317-8C9C-4686B21484F7}"
EndProject
Project("{2150E333-8FDC-42A3-9474-1A3956D46DE8}") = "Services", "Services", "{4425B3C9-D75D-4615-ACF5-EF100DC1AB4B}"
EndProject
Project("{9A19103F-16F7-4668-BE54-9A1E7A4F7556}") = "Mango.Services.ProductAPI", "Mango.Services.ProductAPI\Mango.Services.ProductAPI.csproj", "{32EECDCE-D5A1-4412-841E-DC2FF61BCCE0}"
EndProject
Project("{9A19103F-16F7-4668-BE54-9A1E7A4F7556}") = "Mango.Services.Identity", "Mango.Services.Identity\Mango.Services.Identity.csproj", "{7FA84BFA-FFB6-44CF-94B0-450CA2D2C5F4}"
EndProject
Project("{9A19103F-16F7-4668-BE54-9A1E7A4F7556}") = "Mango.Services.ShoppingCartAPI", "Mango.Services.ShoppingCartAPI\Mango.Services.ShoppingCartAPI.csproj", "{B84D4FEB-B125-436E-A6CB-2F968DB66962}"
EndProject
Project("{9A19103F-16F7-4668-BE54-9A1E7A4F7556}") = "Mango.Services.CouponAPI", "Mango.Services.CupomAPI\Mango.Services.CouponAPI.csproj", "{D252BABF-9E34-460F-90A3-D8730BC4B548}"
EndProject
Project("{2150E333-8FDC-42A3-9474-1A3956D46DE8}") = "Integration", "Integration", "{FF87F0DB-87F1-40E6-8F48-6977356BEE00}"
EndProject
Project("{9A19103F-16F7-4668-BE54-9A1E7A4F7556}") = "Mango.MessageBus", "Mango.MessageBus\Mango.MessageBus.csproj", "{8A148BCB-2068-4EEF-ACDD-03014137EB8D}"
EndProject
Project("{9A19103F-16F7-4668-BE54-9A1E7A4F7556}") = "Mango.Services.OrderAPI", "Mango.Services.OrderAPI\Mango.Services.OrderAPI.csproj", "{9820BFAD-C167-4428-812F-15BF00F7A5CE}"
EndProject
Project("{2150E333-8FDC-42A3-9474-1A3956D46DE8}") = "Payments", "Payments", "{BE4AEBB1-F122-4761-BF83-09486C8C74BF}"
EndProject
Project("{9A19103F-16F7-4668-BE54-9A1E7A4F7556}") = "PaymentProcessor", "PaymentProcessor\PaymentProcessor.csproj", "{1A96B768-CFBA-4753-9289-43275F12FC42}"
EndProject
Project("{9A19103F-16F7-4668-BE54-9A1E7A4F7556}") = "Mango.Services.PaymentAPI", "Mango.Services.PaymentAPI\Mango.Services.PaymentAPI.csproj", "{95BE466A-13F2-4877-B15C-56A352B8F3A4}"
EndProject
Project("{9A19103F-16F7-4668-BE54-9A1E7A4F7556}") = "Mango.Services.Email", "Mango.Services.Email\Mango.Services.Email.csproj", "{F5F41EF8-4A1E-48E5-A4A2-106CEAF9DB60}"
EndProject
Project("{2150E333-8FDC-42A3-9474-1A3956D46DE8}") = "Gateway", "Gateway", "{7F0D1828-BD5E-4888-B2C5-0926FC7103FC}"
EndProject
Project("{FAE04EC0-301F-11D3-BF4B-00C04F79EFBC}") = "Mango.GatewaySolution", "Mango.GatewaySolution\Mango.GatewaySolution.csproj", "{347B080A-3ABB-4F4E-87EE-7FE159625D77}"
EndProject
Global
	GlobalSection(SolutionConfigurationPlatforms) = preSolution
		Debug|Any CPU = Debug|Any CPU
		Release|Any CPU = Release|Any CPU
	EndGlobalSection
	GlobalSection(ProjectConfigurationPlatforms) = postSolution
		{15850A35-D511-4317-8C9C-4686B21484F7}.Debug|Any CPU.ActiveCfg = Debug|Any CPU
		{15850A35-D511-4317-8C9C-4686B21484F7}.Debug|Any CPU.Build.0 = Debug|Any CPU
		{15850A35-D511-4317-8C9C-4686B21484F7}.Release|Any CPU.ActiveCfg = Release|Any CPU
		{15850A35-D511-4317-8C9C-4686B21484F7}.Release|Any CPU.Build.0 = Release|Any CPU
		{32EECDCE-D5A1-4412-841E-DC2FF61BCCE0}.Debug|Any CPU.ActiveCfg = Debug|Any CPU
		{32EECDCE-D5A1-4412-841E-DC2FF61BCCE0}.Debug|Any CPU.Build.0 = Debug|Any CPU
		{32EECDCE-D5A1-4412-841E-DC2FF61BCCE0}.Release|Any CPU.ActiveCfg = Release|Any CPU
		{32EECDCE-D5A1-4412-841E-DC2FF61BCCE0}.Release|Any CPU.Build.0 = Release|Any CPU
		{7FA84BFA-FFB6-44CF-94B0-450CA2D2C5F4}.Debug|Any CPU.ActiveCfg = Debug|Any CPU
		{7FA84BFA-FFB6-44CF-94B0-450CA2D2C5F4}.Debug|Any CPU.Build.0 = Debug|Any CPU
		{7FA84BFA-FFB6-44CF-94B0-450CA2D2C5F4}.Release|Any CPU.ActiveCfg = Release|Any CPU
		{7FA84BFA-FFB6-44CF-94B0-450CA2D2C5F4}.Release|Any CPU.Build.0 = Release|Any CPU
		{B84D4FEB-B125-436E-A6CB-2F968DB66962}.Debug|Any CPU.ActiveCfg = Debug|Any CPU
		{B84D4FEB-B125-436E-A6CB-2F968DB66962}.Debug|Any CPU.Build.0 = Debug|Any CPU
		{B84D4FEB-B125-436E-A6CB-2F968DB66962}.Release|Any CPU.ActiveCfg = Release|Any CPU
		{B84D4FEB-B125-436E-A6CB-2F968DB66962}.Release|Any CPU.Build.0 = Release|Any CPU
		{D252BABF-9E34-460F-90A3-D8730BC4B548}.Debug|Any CPU.ActiveCfg = Debug|Any CPU
		{D252BABF-9E34-460F-90A3-D8730BC4B548}.Debug|Any CPU.Build.0 = Debug|Any CPU
		{D252BABF-9E34-460F-90A3-D8730BC4B548}.Release|Any CPU.ActiveCfg = Release|Any CPU
		{D252BABF-9E34-460F-90A3-D8730BC4B548}.Release|Any CPU.Build.0 = Release|Any CPU
		{8A148BCB-2068-4EEF-ACDD-03014137EB8D}.Debug|Any CPU.ActiveCfg = Debug|Any CPU
		{8A148BCB-2068-4EEF-ACDD-03014137EB8D}.Debug|Any CPU.Build.0 = Debug|Any CPU
		{8A148BCB-2068-4EEF-ACDD-03014137EB8D}.Release|Any CPU.ActiveCfg = Release|Any CPU
		{8A148BCB-2068-4EEF-ACDD-03014137EB8D}.Release|Any CPU.Build.0 = Release|Any CPU
		{9820BFAD-C167-4428-812F-15BF00F7A5CE}.Debug|Any CPU.ActiveCfg = Debug|Any CPU
		{9820BFAD-C167-4428-812F-15BF00F7A5CE}.Debug|Any CPU.Build.0 = Debug|Any CPU
		{9820BFAD-C167-4428-812F-15BF00F7A5CE}.Release|Any CPU.ActiveCfg = Release|Any CPU
		{9820BFAD-C167-4428-812F-15BF00F7A5CE}.Release|Any CPU.Build.0 = Release|Any CPU
		{1A96B768-CFBA-4753-9289-43275F12FC42}.Debug|Any CPU.ActiveCfg = Debug|Any CPU
		{1A96B768-CFBA-4753-9289-43275F12FC42}.Debug|Any CPU.Build.0 = Debug|Any CPU
		{1A96B768-CFBA-4753-9289-43275F12FC42}.Release|Any CPU.ActiveCfg = Release|Any CPU
		{1A96B768-CFBA-4753-9289-43275F12FC42}.Release|Any CPU.Build.0 = Release|Any CPU
		{95BE466A-13F2-4877-B15C-56A352B8F3A4}.Debug|Any CPU.ActiveCfg = Debug|Any CPU
		{95BE466A-13F2-4877-B15C-56A352B8F3A4}.Debug|Any CPU.Build.0 = Debug|Any CPU
		{95BE466A-13F2-4877-B15C-56A352B8F3A4}.Release|Any CPU.ActiveCfg = Release|Any CPU
		{95BE466A-13F2-4877-B15C-56A352B8F3A4}.Release|Any CPU.Build.0 = Release|Any CPU
		{F5F41EF8-4A1E-48E5-A4A2-106CEAF9DB60}.Debug|Any CPU.ActiveCfg = Debug|Any CPU
		{F5F41EF8-4A1E-48E5-A4A2-106CEAF9DB60}.Debug|Any CPU.Build.0 = Debug|Any CPU
		{F5F41EF8-4A1E-48E5-A4A2-106CEAF9DB60}.Release|Any CPU.ActiveCfg = Release|Any CPU
		{F5F41EF8-4A1E-48E5-A4A2-106CEAF9DB60}.Release|Any CPU.Build.0 = Release|Any CPU
		{347B080A-3ABB-4F4E-87EE-7FE159625D77}.Debug|Any CPU.ActiveCfg = Debug|Any CPU
		{347B080A-3ABB-4F4E-87EE-7FE159625D77}.Debug|Any CPU.Build.0 = Debug|Any CPU
		{347B080A-3ABB-4F4E-87EE-7FE159625D77}.Release|Any CPU.ActiveCfg = Release|Any CPU
		{347B080A-3ABB-4F4E-87EE-7FE159625D77}.Release|Any CPU.Build.0 = Release|Any CPU
	EndGlobalSection
	GlobalSection(SolutionProperties) = preSolution
		HideSolutionNode = FALSE
	EndGlobalSection
	GlobalSection(NestedProjects) = preSolution
		{15850A35-D511-4317-8C9C-4686B21484F7} = {D8A33E6C-7C2F-40CB-B6CB-5C719F88FAEF}
		{32EECDCE-D5A1-4412-841E-DC2FF61BCCE0} = {4425B3C9-D75D-4615-ACF5-EF100DC1AB4B}
		{7FA84BFA-FFB6-44CF-94B0-450CA2D2C5F4} = {4425B3C9-D75D-4615-ACF5-EF100DC1AB4B}
		{B84D4FEB-B125-436E-A6CB-2F968DB66962} = {4425B3C9-D75D-4615-ACF5-EF100DC1AB4B}
		{D252BABF-9E34-460F-90A3-D8730BC4B548} = {4425B3C9-D75D-4615-ACF5-EF100DC1AB4B}
		{8A148BCB-2068-4EEF-ACDD-03014137EB8D} = {FF87F0DB-87F1-40E6-8F48-6977356BEE00}
		{9820BFAD-C167-4428-812F-15BF00F7A5CE} = {4425B3C9-D75D-4615-ACF5-EF100DC1AB4B}
		{BE4AEBB1-F122-4761-BF83-09486C8C74BF} = {FF87F0DB-87F1-40E6-8F48-6977356BEE00}
		{1A96B768-CFBA-4753-9289-43275F12FC42} = {BE4AEBB1-F122-4761-BF83-09486C8C74BF}
		{95BE466A-13F2-4877-B15C-56A352B8F3A4} = {4425B3C9-D75D-4615-ACF5-EF100DC1AB4B}
		{F5F41EF8-4A1E-48E5-A4A2-106CEAF9DB60} = {4425B3C9-D75D-4615-ACF5-EF100DC1AB4B}
		{347B080A-3ABB-4F4E-87EE-7FE159625D77} = {7F0D1828-BD5E-4888-B2C5-0926FC7103FC}
	EndGlobalSection
	GlobalSection(ExtensibilityGlobals) = postSolution
		SolutionGuid = {3C292E05-AEF3-4108-BF91-878F94AEFF72}
	EndGlobalSection
EndGlobal
